
Microsoft Visual Studio Solution File, Format Version 12.00
# Visual Studio Version 16
VisualStudioVersion = 16.0.29324.140
MinimumVisualStudioVersion = 10.0.40219.1
Project("{FAE04EC0-301F-11D3-BF4B-00C04F79EFBC}") = "Contoso.Plugins", "Contoso.Plugins.csproj", "{EB7B9B0C-D3A0-4FAC-A8C0-FE4217E4DE62}"
EndProject
Project("{FAE04EC0-301F-11D3-BF4B-00C04F79EFBC}") = "Contoso.Webresources", "..\Contoso.Webresources\Contoso.Webresources.csproj", "{6A45108E-4D8B-4F55-A5F0-5EAE59F38F6D}"
EndProject
Project("{FAE04EC0-301F-11D3-BF4B-00C04F79EFBC}") = "Contoso.UnmanagedSolution", "..\Contoso.UnmanagedSolution\Contoso.UnmanagedSolution.csproj", "{2007E274-9920-4AF4-8F4B-02874DAF0BF6}"
EndProject
Global
	GlobalSection(SolutionConfigurationPlatforms) = preSolution
		Debug|Any CPU = Debug|Any CPU
		Release|Any CPU = Release|Any CPU
	EndGlobalSection
	GlobalSection(ProjectConfigurationPlatforms) = postSolution
		{EB7B9B0C-D3A0-4FAC-A8C0-FE4217E4DE62}.Debug|Any CPU.ActiveCfg = Debug|Any CPU
		{EB7B9B0C-D3A0-4FAC-A8C0-FE4217E4DE62}.Debug|Any CPU.Build.0 = Debug|Any CPU
		{EB7B9B0C-D3A0-4FAC-A8C0-FE4217E4DE62}.Release|Any CPU.ActiveCfg = Release|Any CPU
		{EB7B9B0C-D3A0-4FAC-A8C0-FE4217E4DE62}.Release|Any CPU.Build.0 = Release|Any CPU
		{6A45108E-4D8B-4F55-A5F0-5EAE59F38F6D}.Debug|Any CPU.ActiveCfg = Debug|Any CPU
		{6A45108E-4D8B-4F55-A5F0-5EAE59F38F6D}.Debug|Any CPU.Build.0 = Debug|Any CPU
		{6A45108E-4D8B-4F55-A5F0-5EAE59F38F6D}.Release|Any CPU.ActiveCfg = Release|Any CPU
		{6A45108E-4D8B-4F55-A5F0-5EAE59F38F6D}.Release|Any CPU.Build.0 = Release|Any CPU
		{2007E274-9920-4AF4-8F4B-02874DAF0BF6}.Debug|Any CPU.ActiveCfg = Debug|Any CPU
		{2007E274-9920-4AF4-8F4B-02874DAF0BF6}.Debug|Any CPU.Build.0 = Debug|Any CPU
		{2007E274-9920-4AF4-8F4B-02874DAF0BF6}.Release|Any CPU.ActiveCfg = Release|Any CPU
		{2007E274-9920-4AF4-8F4B-02874DAF0BF6}.Release|Any CPU.Build.0 = Release|Any CPU
	EndGlobalSection
	GlobalSection(SolutionProperties) = preSolution
		HideSolutionNode = FALSE
	EndGlobalSection
	GlobalSection(ExtensibilityGlobals) = postSolution
		SolutionGuid = {11E38406-7717-4F80-8FB3-04D81292ECAB}
	EndGlobalSection
EndGlobal
